
Microsoft Visual Studio Solution File, Format Version 12.00
# Visual Studio Version 17
VisualStudioVersion = 17.6.33513.286
MinimumVisualStudioVersion = 10.0.40219.1
Project("{9A19103F-16F7-4668-BE54-9A1E7A4F7556}") = "scaling-blazor-demo", "scaling-blazor-demo\scaling-blazor-demo.csproj", "{2111440A-37B5-4280-A9E2-42F88DD0C10D}"
EndProject
Project("{FAE04EC0-301F-11D3-BF4B-00C04F79EFBC}") = "helm", "helm\helm.csproj", "{7788C76D-79EB-469B-8D8E-47DBDEEF2E1D}"
EndProject
Global
	GlobalSection(SolutionConfigurationPlatforms) = preSolution
		Debug|Any CPU = Debug|Any CPU
		Release|Any CPU = Release|Any CPU
	EndGlobalSection
	GlobalSection(ProjectConfigurationPlatforms) = postSolution
		{2111440A-37B5-4280-A9E2-42F88DD0C10D}.Debug|Any CPU.ActiveCfg = Debug|Any CPU
		{2111440A-37B5-4280-A9E2-42F88DD0C10D}.Debug|Any CPU.Build.0 = Debug|Any CPU
		{2111440A-37B5-4280-A9E2-42F88DD0C10D}.Release|Any CPU.ActiveCfg = Release|Any CPU
		{2111440A-37B5-4280-A9E2-42F88DD0C10D}.Release|Any CPU.Build.0 = Release|Any CPU
		{7788C76D-79EB-469B-8D8E-47DBDEEF2E1D}.Debug|Any CPU.ActiveCfg = Debug|Any CPU
		{7788C76D-79EB-469B-8D8E-47DBDEEF2E1D}.Debug|Any CPU.Build.0 = Debug|Any CPU
		{7788C76D-79EB-469B-8D8E-47DBDEEF2E1D}.Release|Any CPU.ActiveCfg = Release|Any CPU
		{7788C76D-79EB-469B-8D8E-47DBDEEF2E1D}.Release|Any CPU.Build.0 = Release|Any CPU
	EndGlobalSection
	GlobalSection(SolutionProperties) = preSolution
		HideSolutionNode = FALSE
	EndGlobalSection
	GlobalSection(ExtensibilityGlobals) = postSolution
		SolutionGuid = {6B53472C-C084-4B58-ABCA-DA2E250739A3}
	EndGlobalSection
EndGlobal
